# This file is autogenerated, do not edit; changes may be undone by the next 'dep ensure'.


[[projects]]
  branch = "master"
  digest = "1:ff97006129e3270f53e0c2de4501f01c525527ee7be546dafae778f410438547"
  name = "github.com/brocaar/loraserver"
  packages = [
    "api/common",
    "api/gw",
  ]
  pruneopts = "NUT"
  revision = "e81f0d13cda8693ffd4d3a7fe1080fdec1de1f9e"

[[projects]]
  branch = "master"
  digest = "1:c84abae16c5bdbb2e80f4a74c9fca4528494cd11fcfbea2aa9cb33db5051013b"
  name = "github.com/brocaar/lorawan"
  packages = [
    ".",
    "band",
  ]
  pruneopts = "NUT"
  revision = "531a8de585bff4a339611577ce980019a51354a5"

[[projects]]
  branch = "master"
  digest = "1:4a2f7ee2663631376475da676508b9dc57bc2844d7b8ef27aa4f4c40370bf9d2"
  name = "github.com/eclipse/paho.mqtt.golang"
  packages = [
    ".",
    "packets",
  ]
  pruneopts = "NUT"
  revision = "88c4622b8e24c52f64a0caaa28e40b91629bb6e6"

[[projects]]
  digest = "1:1b91ae0dc69a41d4c2ed23ea5cffb721ea63f5037ca4b81e6d6771fbb8f45129"
  name = "github.com/fsnotify/fsnotify"
  packages = ["."]
  pruneopts = "NUT"
  revision = "c2828203cd70a50dcccfb2761f8b1f8ceef9a8e9"
  version = "v1.4.7"

[[projects]]
  digest = "1:f7c90cef96e0622c16b4b5f3d54b2ec51dbd0f7aa60328c981d76f5a2e624ce8"
  name = "github.com/golang/protobuf"
  packages = [
    "jsonpb",
    "proto",
    "protoc-gen-go/descriptor",
    "ptypes",
    "ptypes/any",
    "ptypes/duration",
    "ptypes/empty",
    "ptypes/struct",
    "ptypes/timestamp",
  ]
  pruneopts = "NUT"
  revision = "aa810b61a9c79d51363740d207bb46cf8e620ed5"
  version = "v1.2.0"

[[projects]]
  digest = "1:38ec74012390146c45af1f92d46e5382b50531247929ff3a685d2b2be65155ac"
  name = "github.com/gomodule/redigo"
  packages = [
    "internal",
    "redis",
  ]
  pruneopts = "NUT"
  revision = "9c11da706d9b7902c6da69c592f75637793fe121"
  version = "v2.0.0"

[[projects]]
  branch = "master"
  digest = "1:c8b63799f82dc9e0ec566193a5473f1227c01ee6a0a10d5d1c1b7941d3999bae"
  name = "github.com/grpc-ecosystem/go-grpc-middleware"
  packages = [
    ".",
    "logging",
    "logging/logrus",
    "logging/logrus/ctxlogrus",
    "tags",
    "tags/logrus",
  ]
  pruneopts = "NUT"
  revision = "cfaf5686ec79ff8344257723b6f5ba1ae0ffeb4d"

[[projects]]
  digest = "1:228dfa88f068306d5d23fb3efac8e61b868e1d327aac6eebc21f0f15b03e44e4"
  name = "github.com/grpc-ecosystem/grpc-gateway"
  packages = [
    "runtime",
    "runtime/internal",
    "utilities",
  ]
  pruneopts = "NUT"
  revision = "8558711daa6c2853489043207b563dceacbc19cf"
  version = "v1.5.0"

[[projects]]
  digest = "1:11c6c696067d3127ecf332b10f89394d386d9083f82baf71f40f2da31841a009"
  name = "github.com/hashicorp/hcl"
  packages = [
    ".",
    "hcl/ast",
    "hcl/parser",
    "hcl/printer",
    "hcl/scanner",
    "hcl/strconv",
    "hcl/token",
    "json/parser",
    "json/scanner",
    "json/token",
  ]
  pruneopts = "NUT"
  revision = "8cb6e5b959231cc1119e43259c4a608f9c51a241"
  version = "v1.0.0"

[[projects]]
  digest = "1:406338ad39ab2e37b7f4452906442a3dbf0eb3379dd1f06aafb5c07e769a5fbb"
  name = "github.com/inconshreveable/mousetrap"
  packages = ["."]
  pruneopts = "NUT"
  revision = "76626ae9c91c4f2a10f34cad8ce83ea42c93bb75"
  version = "v1.0"

[[projects]]
  branch = "master"
  digest = "1:db71ee03c191f7f07cb8840e8072bfdef25248108d52d2c529cabb9f0f76a5ae"
  name = "github.com/jacobsa/crypto"
  packages = [
    "cmac",
    "common",
  ]
  pruneopts = "NUT"
  revision = "c73681c634de898c869684602cf0c0d2ce938c4d"

[[projects]]
  branch = "master"
  digest = "1:f8670bc82b370c3dd4a64699bc7157cb66bb7c4f43be06edd5e7e4cc134bfa57"
  name = "github.com/jmoiron/sqlx"
  packages = [
    ".",
    "reflectx",
  ]
  pruneopts = "NUT"
  revision = "0dae4fefe7c0e190f7b5a78dac28a1c82cc8d849"

[[projects]]
  branch = "master"
  digest = "1:4d5fa9f49e5bf3d55c16ff562af9e3231f9ac5ccf495927fd0555f4607c15475"
  name = "github.com/lib/pq"
  packages = [
    ".",
    "oid",
  ]
  pruneopts = "NUT"
  revision = "4ded0e9383f75c197b3a2aaa6d590ac52df6fd79"

[[projects]]
  digest = "1:e7032b13ee63b8f3568367f40860b35b8c71e6693bd70a1b965689c905e76db2"
  name = "github.com/lioneie/lora-app-server"
  packages = ["api"]
  pruneopts = "NUT"
  revision = "f43a733cd93c32d99343fc0dd3ff641064b05145"
  version = "v2.4.1"

[[projects]]
  branch = "lioneie"
  digest = "1:8d56a2e1d180d7240cf1b1960adf89fcd3e115cb9f6f0b18aaa32bf6abfb0d72"
  name = "github.com/lioneie/lorawan"
  packages = [
    ".",
    "backend",
  ]
  pruneopts = "NUT"
  revision = "d486c0cd55f00e6f6c2578db08d307bc5a797b91"

[[projects]]
  digest = "1:d244f8666a838fe6ad70ec8fe77f50ebc29fdc3331a2729ba5886bef8435d10d"
  name = "github.com/magiconair/properties"
  packages = ["."]
  pruneopts = "NUT"
  revision = "c2353362d570a7bfa228149c62842019201cfb71"
  version = "v1.8.0"

[[projects]]
  digest = "1:5fe20cfe4ef484c237cec9f947b2a6fa90bad4b8610fd014f0e4211e13d82d5d"
  name = "github.com/mitchellh/mapstructure"
  packages = ["."]
  pruneopts = "NUT"
  revision = "fa473d140ef3c6adf42d6b391fe76707f1f243c8"
  version = "v1.0.0"

[[projects]]
  digest = "1:51ea800cff51752ff68e12e04106f5887b4daec6f9356721238c28019f0b42db"
  name = "github.com/pelletier/go-toml"
  packages = ["."]
  pruneopts = "NUT"
  revision = "c01d1270ff3e442a8a57cddc1c92dc1138598194"
  version = "v1.2.0"

[[projects]]
  digest = "1:5cf3f025cbee5951a4ee961de067c8a89fc95a5adabead774f82822efabab121"
  name = "github.com/pkg/errors"
  packages = ["."]
  pruneopts = "NUT"
  revision = "645ef00459ed84a119197bfb8d8205042c6df63d"
  version = "v0.8.0"

[[projects]]
  branch = "master"
  digest = "1:6c9ffc8e817fe638d8169ceadc7bb32b12973ff953c2e686d4ac2a487024a6b2"
  name = "github.com/rubenv/sql-migrate"
  packages = [
    ".",
    "sqlparse",
  ]
  pruneopts = "NUT"
  revision = "1007f53448d75fe14190968f5de4d95ed63ebb83"

[[projects]]
  digest = "1:b2339e83ce9b5c4f79405f949429a7f68a9a904fed903c672aac1e7ceb7f5f02"
  name = "github.com/sirupsen/logrus"
  packages = ["."]
  pruneopts = "NUT"
  revision = "3e01752db0189b9157070a0e1668a620f9a85da2"
  version = "v1.0.6"

[[projects]]
  digest = "1:330e9062b308ac597e28485699c02223bd052437a6eed32a173c9227dcb9d95a"
  name = "github.com/spf13/afero"
  packages = [
    ".",
    "mem",
  ]
  pruneopts = "NUT"
  revision = "d40851caa0d747393da1ffb28f7f9d8b4eeffebd"
  version = "v1.1.2"

[[projects]]
  digest = "1:3fa7947ca83b98ae553590d993886e845a4bff19b7b007e869c6e0dd3b9da9cd"
  name = "github.com/spf13/cast"
  packages = ["."]
  pruneopts = "NUT"
  revision = "8965335b8c7107321228e3e3702cab9832751bac"
  version = "v1.2.0"

[[projects]]
  branch = "master"
  digest = "1:455a9e33f7716f9a2e0d1f65e2d04941d311cd5cc40a96f957b2e4e8724a2faa"
  name = "github.com/spf13/cobra"
  packages = ["."]
  pruneopts = "NUT"
  revision = "8d114be902bc9f08717804830a55c48378108a28"

[[projects]]
  digest = "1:f29f83301ed096daed24a90f4af591b7560cb14b9cc3e1827abbf04db7269ab5"
  name = "github.com/spf13/jwalterweatherman"
  packages = ["."]
  pruneopts = "NUT"
  revision = "4a4406e478ca629068e7768fc33f3f044173c0a6"
  version = "v1.0.0"

[[projects]]
  digest = "1:e3707aeaccd2adc89eba6c062fec72116fe1fc1ba71097da85b4d8ae1668a675"
  name = "github.com/spf13/pflag"
  packages = ["."]
  pruneopts = "NUT"
  revision = "9a97c102cda95a86cec2345a6f09f55a939babf5"
  version = "v1.0.2"

[[projects]]
  branch = "master"
  digest = "1:e37ec5ec59746bb63bda84331b5ff892e1a301648c1736364e78ec5df468ad72"
  name = "github.com/spf13/viper"
  packages = ["."]
  pruneopts = "NUT"
  revision = "3171ef9a229903ce60a9513ec3899b63c003e91c"

[[projects]]
  branch = "master"
  digest = "1:3f3a05ae0b95893d90b9b3b5afdb79a9b3d96e4e36e099d841ae602e4aca0da8"
  name = "golang.org/x/crypto"
  packages = ["ssh/terminal"]
  pruneopts = "NUT"
  revision = "0e37d006457bf46f9e6692014ba72ef82c33022c"

[[projects]]
  branch = "master"
  digest = "1:1a60125f664cd0722281a982540e2465729df2f69a3a1d64713c9edbfcb66807"
  name = "golang.org/x/net"
  packages = [
    "context",
    "http/httpguts",
    "http2",
    "http2/hpack",
    "idna",
    "internal/socks",
    "internal/timeseries",
    "proxy",
    "trace",
    "websocket",
  ]
  pruneopts = "NUT"
  revision = "49bb7cea24b1df9410e1712aa6433dae904ff66a"

[[projects]]
  branch = "master"
  digest = "1:581828cee9f0d31195c1ae52ea8935dfaec395cee6c23adc02109b892b391c2e"
  name = "golang.org/x/sys"
  packages = [
    "unix",
    "windows",
  ]
  pruneopts = "NUT"
  revision = "d0be0721c37eeb5299f245a996a483160fc36940"

[[projects]]
  digest = "1:e7071ed636b5422cc51c0e3a6cebc229d6c9fffc528814b519a980641422d619"
  name = "golang.org/x/text"
  packages = [
    "collate",
    "collate/build",
    "internal/colltab",
    "internal/gen",
    "internal/tag",
    "internal/triegen",
    "internal/ucd",
    "language",
    "secure/bidirule",
    "transform",
    "unicode/bidi",
    "unicode/cldr",
    "unicode/norm",
    "unicode/rangetable",
  ]
  pruneopts = "NUT"
  revision = "f21a4dfb5e38f5895301dc265a8def02365cc3d0"
  version = "v0.3.0"

[[projects]]
  branch = "master"
  digest = "1:42448f154e7d40907ae03cbdf99dbcfa3feb927c4521e0f01c52c6142e4891d5"
  name = "google.golang.org/genproto"
  packages = [
    "googleapis/api/annotations",
    "googleapis/rpc/status",
  ]
  pruneopts = "NUT"
  revision = "4b56f30a1fd96a133a036b62cdd2a249883dd89b"

[[projects]]
  digest = "1:5b805b8e03b29399b344655cac16873f026e54dc0a7c17b381f6f4d4c7b6d741"
  name = "google.golang.org/grpc"
  packages = [
    ".",
    "balancer",
    "balancer/base",
    "balancer/roundrobin",
    "codes",
    "connectivity",
    "credentials",
    "encoding",
    "encoding/proto",
    "grpclog",
    "internal",
    "internal/backoff",
    "internal/channelz",
    "internal/envconfig",
    "internal/grpcrand",
    "internal/transport",
    "keepalive",
    "metadata",
    "naming",
    "peer",
    "resolver",
    "resolver/dns",
    "resolver/passthrough",
    "stats",
    "status",
    "tap",
  ]
  pruneopts = "NUT"
  revision = "8dea3dc473e90c8179e519d91302d0597c0ca1d1"
  version = "v1.15.0"

[[projects]]
  digest = "1:1bfe1fa433123b451bb1a2a1a5d094322821b9463f5bf8eade67e71d7532e3d0"
  name = "gopkg.in/gorp.v1"
  packages = ["."]
  pruneopts = "NUT"
  revision = "6a667da9c028871f98598d85413e3fc4c6daa52e"
  version = "v1.7.2"

[[projects]]
  digest = "1:7c95b35057a0ff2e19f707173cc1a947fa43a6eb5c4d300d196ece0334046082"
  name = "gopkg.in/yaml.v2"
  packages = ["."]
  pruneopts = "NUT"
  revision = "5420a8b6744d3b0345ab293f6fcba19c978f1183"
  version = "v2.2.1"

[solve-meta]
  analyzer-name = "dep"
  analyzer-version = 1
  input-imports = [
    "github.com/eclipse/paho.mqtt.golang",
    "github.com/gomodule/redigo/redis",
    "github.com/grpc-ecosystem/go-grpc-middleware/logging/logrus",
    "github.com/jmoiron/sqlx",
    "github.com/lib/pq",
    "github.com/lioneie/lora-app-server/api",
    "github.com/lioneie/lorawan",
    "github.com/lioneie/lorawan/backend",
    "github.com/pkg/errors",
    "github.com/rubenv/sql-migrate",
    "github.com/sirupsen/logrus",
    "github.com/spf13/cobra",
    "github.com/spf13/viper",
    "google.golang.org/grpc",
    "google.golang.org/grpc/grpclog",
    "google.golang.org/grpc/metadata",
  ]
  solver-name = "gps-cdcl"
  solver-version = 1
