# This file is autogenerated, do not edit; changes may be undone by the next 'dep ensure'.


[[projects]]
  digest = "1:184008c955d6a3226b700c13ed0e875a7a051a759618f9bccba9b5c99f17faa5"
  name = "github.com/eclipse/paho.mqtt.golang"
  packages = [
    ".",
    "packets",
  ]
  pruneopts = "UT"
  revision = "36d01c2b4cbeb3d2a12063e4880ce30800af9560"
  version = "v1.1.1"

[[projects]]
  digest = "1:b8e46955e8385b06d7b0b26165cdb7216dec8bce1cfcc05499cdd9da8af15445"
  name = "github.com/golang/protobuf"
  packages = [
    "jsonpb",
    "proto",
    "protoc-gen-go/descriptor",
    "protoc-gen-go/generator",
    "protoc-gen-go/generator/internal/remap",
    "protoc-gen-go/plugin",
    "ptypes",
    "ptypes/any",
    "ptypes/duration",
    "ptypes/empty",
    "ptypes/struct",
    "ptypes/timestamp",
    "ptypes/wrappers",
  ]
  pruneopts = "UT"
  revision = "c823c79ea1570fb5ff454033735a8e68575d1d0f"
  version = "v1.3.0"

[[projects]]
  digest = "1:ec9b294ee624e9b87e31a8fa39a2a7724f90ce7af2055a9248100883d9956922"
  name = "github.com/grpc-ecosystem/grpc-gateway"
  packages = [
    "internal",
    "runtime",
    "utilities",
  ]
  pruneopts = "UT"
  revision = "7d1918f9e926dafd000b917eb2caccbcf64477df"
  version = "v1.8.1"

[[projects]]
  branch = "master"
  digest = "1:c231cdb133bc5f7267b07770e84ad6a0007bb26e99a97a7d1d6b20dd25913551"
  name = "github.com/jacobsa/crypto"
  packages = [
    "cmac",
    "common",
  ]
  pruneopts = "UT"
  revision = "d95898ceee0769dac9bf74c46f8f68d3d3d79100"

[[projects]]
  branch = "lioneie_v2.4.1"
  digest = "1:6c266fec344971f91dddd91c27d4b811334ebfeef16083c657ab8e5aea909a02"
  name = "github.com/lioneie/lora-app-server"
  packages = ["api"]
  pruneopts = "UT"
  revision = "bf1e140e4a04471cf1f1b36900ef1e96c151678a"

[[projects]]
  branch = "lioneie_v2.4.1"
  digest = "1:99f73c735e291da83bd1d23e0dbfbeee8ca83a33694cfee6442ff2d50b3c5333"
  name = "github.com/lioneie/loraserver"
  packages = [
    "api/common",
    "api/gw",
  ]
  pruneopts = "UT"
  revision = "8702710c592052ab4815e36c1406b119c96a41db"

[[projects]]
  branch = "lioneie"
  digest = "1:6b0551c63a3f82e8136c06d5280657a627ec3b8653e79517c9c9d09dd3d254de"
  name = "github.com/lioneie/lorawan"
  packages = [
    ".",
    "band",
  ]
  pruneopts = "UT"
  revision = "d486c0cd55f00e6f6c2578db08d307bc5a797b91"

[[projects]]
  branch = "master"
  digest = "1:a5736fff5e55d0ee5892ba211adaa776ced740829c685a560e8b8a520747059d"
  name = "golang.org/x/net"
  packages = [
    "context",
    "http/httpguts",
    "http2",
    "http2/hpack",
    "idna",
    "internal/socks",
    "internal/timeseries",
    "proxy",
    "trace",
    "websocket",
  ]
  pruneopts = "UT"
  revision = "16b79f2e4e95ea23b2bf9903c9809ff7b013ce85"

[[projects]]
  branch = "master"
  digest = "1:7705456281a2327caef2d26e5881361effba03476bd9d09c60f3e4958d6c981c"
  name = "golang.org/x/sys"
  packages = ["unix"]
  pruneopts = "UT"
  revision = "30e92a19ae4a77dde818b8c3d41d51e4850cba12"

[[projects]]
  digest = "1:a2ab62866c75542dd18d2b069fec854577a20211d7c0ea6ae746072a1dccdd18"
  name = "golang.org/x/text"
  packages = [
    "collate",
    "collate/build",
    "internal/colltab",
    "internal/gen",
    "internal/tag",
    "internal/triegen",
    "internal/ucd",
    "language",
    "secure/bidirule",
    "transform",
    "unicode/bidi",
    "unicode/cldr",
    "unicode/norm",
    "unicode/rangetable",
  ]
  pruneopts = "UT"
  revision = "f21a4dfb5e38f5895301dc265a8def02365cc3d0"
  version = "v0.3.0"

[[projects]]
  branch = "master"
  digest = "1:79f8bb1b9d02fa61546fecfc467884a564c77c8791ff9c28dfe16b5f2c76d02f"
  name = "google.golang.org/genproto"
  packages = [
    "googleapis/api/annotations",
    "googleapis/rpc/status",
    "protobuf/field_mask",
  ]
  pruneopts = "UT"
  revision = "c21a8b77f9f040598af1c8c5c0870568f1959df3"

[[projects]]
  digest = "1:cbc746de4662c66fd24a037501bd65aa0f8ad0bfca0c92576e0abb88864e3741"
  name = "google.golang.org/grpc"
  packages = [
    ".",
    "balancer",
    "balancer/base",
    "balancer/roundrobin",
    "binarylog/grpc_binarylog_v1",
    "codes",
    "connectivity",
    "credentials",
    "credentials/internal",
    "encoding",
    "encoding/proto",
    "grpclog",
    "internal",
    "internal/backoff",
    "internal/binarylog",
    "internal/channelz",
    "internal/envconfig",
    "internal/grpcrand",
    "internal/grpcsync",
    "internal/syscall",
    "internal/transport",
    "keepalive",
    "metadata",
    "naming",
    "peer",
    "resolver",
    "resolver/dns",
    "resolver/passthrough",
    "stats",
    "status",
    "tap",
  ]
  pruneopts = "UT"
  revision = "2fdaae294f38ed9a121193c51ec99fecd3b13eb7"
  version = "v1.19.0"

[solve-meta]
  analyzer-name = "dep"
  analyzer-version = 1
  input-imports = [
    "github.com/eclipse/paho.mqtt.golang",
    "github.com/lioneie/lora-app-server/api",
    "github.com/lioneie/lorawan",
    "google.golang.org/grpc",
    "google.golang.org/grpc/metadata",
  ]
  solver-name = "gps-cdcl"
  solver-version = 1
